
Microsoft Visual Studio Solution File, Format Version 11.00
# Visual C# Express 2010
Project("{FAE04EC0-301F-11D3-BF4B-00C04F79EFBC}") = "StockAnalysis", "StockAnalysis\StockAnalysis.csproj", "{FA1E2C76-8F16-45DF-B02B-32F11AC1E098}"
EndProject
Global
	GlobalSection(SolutionConfigurationPlatforms) = preSolution
		Debug|Any CPU = Debug|Any CPU
		Release|Any CPU = Release|Any CPU
	EndGlobalSection
	GlobalSection(ProjectConfigurationPlatforms) = postSolution
		{FA1E2C76-8F16-45DF-B02B-32F11AC1E098}.Debug|Any CPU.ActiveCfg = Debug|Any CPU
		{FA1E2C76-8F16-45DF-B02B-32F11AC1E098}.Debug|Any CPU.Build.0 = Debug|Any CPU
		{FA1E2C76-8F16-45DF-B02B-32F11AC1E098}.Release|Any CPU.ActiveCfg = Release|Any CPU
		{FA1E2C76-8F16-45DF-B02B-32F11AC1E098}.Release|Any CPU.Build.0 = Release|Any CPU
	EndGlobalSection
	GlobalSection(SolutionProperties) = preSolution
		HideSolutionNode = FALSE
	EndGlobalSection
EndGlobal
